
Microsoft Visual Studio Solution File, Format Version 12.00
# Visual Studio Version 17
VisualStudioVersion = 17.14.36408.4 d17.14
MinimumVisualStudioVersion = 10.0.40219.1
Project("{FAE04EC0-301F-11D3-BF4B-00C04F79EFBC}") = "DailyBrew", "DailyBrew.csproj", "{30CDC40A-4968-4009-9331-5EBCAD14D18D}"
EndProject
Global
	GlobalSection(SolutionConfigurationPlatforms) = preSolution
		Debug|Any CPU = Debug|Any CPU
		Release|Any CPU = Release|Any CPU
	EndGlobalSection
	GlobalSection(ProjectConfigurationPlatforms) = postSolution
		{30CDC40A-4968-4009-9331-5EBCAD14D18D}.Debug|Any CPU.ActiveCfg = Debug|Any CPU
		{30CDC40A-4968-4009-9331-5EBCAD14D18D}.Debug|Any CPU.Build.0 = Debug|Any CPU
		{30CDC40A-4968-4009-9331-5EBCAD14D18D}.Release|Any CPU.ActiveCfg = Release|Any CPU
		{30CDC40A-4968-4009-9331-5EBCAD14D18D}.Release|Any CPU.Build.0 = Release|Any CPU
	EndGlobalSection
	GlobalSection(SolutionProperties) = preSolution
		HideSolutionNode = FALSE
	EndGlobalSection
	GlobalSection(ExtensibilityGlobals) = postSolution
		SolutionGuid = {8B5F9C4F-8EBB-4B7D-B029-698E86E2C8D4}
	EndGlobalSection
EndGlobal
